# This file is autogenerated, do not edit; changes may be undone by the next 'dep ensure'.


[[projects]]
  branch = "master"
  name = "github.com/armon/go-metrics"
  packages = ["."]
  revision = "7aa49fde808223f8dadfdbfd3a20ff6c19e5f9ec"

[[projects]]
  name = "github.com/dgrijalva/jwt-go"
  packages = ["."]
  revision = "dbeaa9332f19a944acb5736b4456cfcc02140e29"
  version = "v3.1.0"

[[projects]]
  branch = "master"
  name = "github.com/dimfeld/httppath"
  packages = ["."]
  revision = "ee938bf735983d53694d79138ad9820efff94c92"

[[projects]]
  name = "github.com/dimfeld/httptreemux"
  packages = ["."]
  revision = "8cc36ee10f84b82d0742ffcab770815c7d3f9ad7"
  version = "v5.0.0"

[[projects]]
  name = "github.com/goadesign/goa"
  packages = [
    ".",
    "client",
    "cors",
    "design",
    "design/apidsl",
    "dslengine",
    "goatest",
    "middleware",
    "middleware/security/jwt",
    "uuid"
  ]
  revision = "fc29b77a218fb9e190849c81911ed12d25e771de"
  version = "v1.3.1"

[[projects]]
  branch = "master"
  name = "github.com/hashicorp/go-immutable-radix"
  packages = ["."]
  revision = "7f3cd4390caab3250a57f30efdb2a65dd7649ecf"

[[projects]]
  branch = "master"
  name = "github.com/hashicorp/golang-lru"
  packages = ["simplelru"]
  revision = "0fb14efe8c47ae851c0034ed7a448854d3d34cf3"

[[projects]]
  branch = "master"
  name = "github.com/manveru/faker"
  packages = ["."]
  revision = "9fbc68a78c4dbc7914e1a23f88f126bea4383b97"

[[projects]]
  name = "github.com/satori/go.uuid"
  packages = ["."]
  revision = "36e9d2ebbde5e3f13ab2e25625fd453271d6522e"
  branch = "master"

[[projects]]
  branch = "master"
  name = "github.com/zach-klippenstein/goregen"
  packages = ["."]
  revision = "795b5e3961ea1912fde60af417ad85e86acc0d6a"

[[projects]]
  branch = "master"
  name = "golang.org/x/net"
  packages = ["websocket"]
  revision = "f5dfe339be1d06f81b22525fe34671ee7d2c8904"

[solve-meta]
  analyzer-name = "dep"
  analyzer-version = 1
  inputs-digest = "caea908aa2dcb659dd74ef1cc280a818e8576fa6350bb2a334791b946bdb891a"
  solver-name = "gps-cdcl"
  solver-version = 1
